{
  "version": 1,
  "dependencies": {
    "net10.0-windows7.0": {
      "DalamudPackager": {
        "type": "Direct",
        "requested": "[14.0.2, )",
        "resolved": "14.0.2",
        "contentHash": "dQJeq+8eyHzra4Cg5eZ/3LAeS3/UpvvLriYJGSncMK9LqJ7Q4B6jwcOsxo3PfxVd15xj+IzVFxkPqIBmPQu8/w=="
      },
      "DotNet.ReproducibleBuilds": {
        "type": "Direct",
        "requested": "[2.0.2, )",
        "resolved": "2.0.2",
        "contentHash": "VaHoEN6YHp0jXucxm67vfuRy8zo9ufiKSuaZ4ZudRi8xmWcEFMKxfCsg2nvYNvdISFTURDu+IHqADGh53+Bamw=="
      },
      "Scriban": {
        "type": "Direct",
        "requested": "[6.5.3, )",
        "resolved": "6.5.3",
        "contentHash": "0WuO/muuPnxn6OKR3cJeTJD/AiACsCz+lOh5k5bfZdZFPKVQ/4TIWd1VSJdiFbr7iyHBLbHpsF0WVWqu67KlUw=="
      },
      "SpotifyAPI.Web": {
        "type": "Direct",
        "requested": "[7.3.0, )",
        "resolved": "7.3.0",
        "contentHash": "H64dJdu5po+plSeADUOL3YMhCQjjcNM5tB5xdSvOiETdmSjCwcQd4KM2F3kJLcq7nfY9JauH9H1KkWdIYoL2Bg==",
        "dependencies": {
          "Newtonsoft.Json": "13.0.3"
        }
      },
      "SpotifyAPI.Web.Auth": {
        "type": "Direct",
        "requested": "[7.3.0, )",
        "resolved": "7.3.0",
        "contentHash": "xO1eEpVTyoetXKsuvgMX7JGQVbbLN4walvUI3pXgLdei1QASJ5Dwnv80N4n5+Y5m4ck/pqqAq7fSfNyVyFKpoQ==",
        "dependencies": {
          "EmbedIO": "3.5.2",
          "SpotifyAPI.Web": "7.3.0"
        }
      },
      "EmbedIO": {
        "type": "Transitive",
        "resolved": "3.5.2",
        "contentHash": "YU4j+3XvuO8/VPkNf7KWOF1TpMhnyVhXnPsG1mvnDhTJ9D5BZOFXVDvCpE/SkQ1AJ0Aa+dXOVSW3ntgmLL7aJg==",
        "dependencies": {
          "Unosquare.Swan.Lite": "3.1.0"
        }
      },
      "Newtonsoft.Json": {
        "type": "Transitive",
        "resolved": "13.0.3",
        "contentHash": "HrC5BXdl00IP9zeV+0Z848QWPAoCr9P3bDEZguI+gkLcBKAOxix/tLEAAHC+UvDNPv4a2d18lOReHMOagPa+zQ=="
      },
      "Unosquare.Swan.Lite": {
        "type": "Transitive",
        "resolved": "3.1.0",
        "contentHash": "X3s5QE/KMj3WAPFqFve7St+Ds10BB50u8kW8PmKIn7FVkn7yEXe9Yxr2htt1WV85DRqfFR0MN/BUNHkGHtL4OQ=="
      }
    }
  }
}