{
  "version": 1,
  "dependencies": {
    "net9.0-windows7.0": {
      "DalamudPackager": {
        "type": "Direct",
        "requested": "[13.0.0, )",
        "resolved": "13.0.0",
        "contentHash": "Mb3cUDSK/vDPQ8gQIeuCw03EMYrej1B4J44a1AvIJ9C759p9XeqdU9Hg4WgOmlnlPe0G7ILTD32PKSUpkQNa8w=="
      },
      "DotNet.ReproducibleBuilds": {
        "type": "Direct",
        "requested": "[1.2.25, )",
        "resolved": "1.2.25",
        "contentHash": "xCXiw7BCxHJ8pF6wPepRUddlh2dlQlbr81gXA72hdk4FLHkKXas7EH/n+fk5UCA/YfMqG1Z6XaPiUjDbUNBUzg=="
      },
      "Scriban": {
        "type": "Direct",
        "requested": "[6.5.0, )",
        "resolved": "6.5.0",
        "contentHash": "GEdtPvMZk8ilKGnwq3yL/aC+frhu4HKnD0btpb84BiFZQLGUgdtxXG0oMIHf0lRJboMQDwopvQO+jARcvXWd8g=="
      },
      "SpotifyAPI.Web": {
        "type": "Direct",
        "requested": "[7.2.1, )",
        "resolved": "7.2.1",
        "contentHash": "7yatLKdwPmigJ+GGPUHwZppYzWNIPOSrpA3KKK/kndJl657zm1yzaAQ7j2xy3G7lyiKsdRZtz4k6CpFN32pyng==",
        "dependencies": {
          "Newtonsoft.Json": "13.0.3"
        }
      },
      "SpotifyAPI.Web.Auth": {
        "type": "Direct",
        "requested": "[7.2.1, )",
        "resolved": "7.2.1",
        "contentHash": "/U/KCV4iBsG3rHBCDL7THKkJcNdfP0Lqhq87afKeTjP7EQGM5haDy6rNblZlL/t9RnK9+DFhWCdAKVQagDB6bg==",
        "dependencies": {
          "EmbedIO": "3.5.2",
          "SpotifyAPI.Web": "7.2.1"
        }
      },
      "EmbedIO": {
        "type": "Transitive",
        "resolved": "3.5.2",
        "contentHash": "YU4j+3XvuO8/VPkNf7KWOF1TpMhnyVhXnPsG1mvnDhTJ9D5BZOFXVDvCpE/SkQ1AJ0Aa+dXOVSW3ntgmLL7aJg==",
        "dependencies": {
          "Unosquare.Swan.Lite": "3.1.0"
        }
      },
      "Newtonsoft.Json": {
        "type": "Transitive",
        "resolved": "13.0.3",
        "contentHash": "HrC5BXdl00IP9zeV+0Z848QWPAoCr9P3bDEZguI+gkLcBKAOxix/tLEAAHC+UvDNPv4a2d18lOReHMOagPa+zQ=="
      },
      "System.ValueTuple": {
        "type": "Transitive",
        "resolved": "4.5.0",
        "contentHash": "okurQJO6NRE/apDIP23ajJ0hpiNmJ+f0BwOlB/cSqTLQlw5upkf+5+96+iG2Jw40G1fCVCyPz/FhIABUjMR+RQ=="
      },
      "Unosquare.Swan.Lite": {
        "type": "Transitive",
        "resolved": "3.1.0",
        "contentHash": "X3s5QE/KMj3WAPFqFve7St+Ds10BB50u8kW8PmKIn7FVkn7yEXe9Yxr2htt1WV85DRqfFR0MN/BUNHkGHtL4OQ==",
        "dependencies": {
          "System.ValueTuple": "4.5.0"
        }
      }
    }
  }
}